PODS:
  - Alamofire (5.4.1)
  - AlamofireImage (4.1.0):
    - Alamofire (~> 5.1)
  - JGProgressHUD (2.2)
  - Moya/Core (14.0.0):
    - Alamofire (~> 5.0)
  - Moya/RxSwift (14.0.0):
    - Moya/Core
    - RxSwift (~> 5.0)
  - Nimble (9.0.0)
  - OHHTTPStubs/Core (8.0.0)
  - OHHTTPStubs/Default (8.0.0):
    - OHHTTPStubs/Core
    - OHHTTPStubs/JSON
    - OHHTTPStubs/NSURLSession
    - OHHTTPStubs/OHPathHelpers
  - OHHTTPStubs/JSON (8.0.0):
    - OHHTTPStubs/Core
  - OHHTTPStubs/NSURLSession (8.0.0):
    - OHHTTPStubs/Core
  - OHHTTPStubs/OHPathHelpers (8.0.0)
  - OHHTTPStubs/Swift (8.0.0):
    - OHHTTPStubs/Default
  - Quick (3.0.0)
  - RxSwift (5.1.1)
  - RxTest (5.1.1):
    - RxSwift (~> 5)

DEPENDENCIES:
  - AlamofireImage
  - JGProgressHUD
  - Moya/RxSwift
  - Nimble
  - OHHTTPStubs/Swift (~> 8.0.0)
  - Quick
  - RxSwift
  - RxTest

SPEC REPOS:
  trunk:
    - Alamofire
    - AlamofireImage
    - JGProgressHUD
    - Moya
    - Nimble
    - OHHTTPStubs
    - Quick
    - RxSwift
    - RxTest

SPEC CHECKSUMS:
  Alamofire: 2291f7d21ca607c491dd17642e5d40fdcda0e65c
  AlamofireImage: c4a2ba349885fb3064feb74d2e547bd42ce9be10
  JGProgressHUD: d83d7a981b85d11205e19ff8ad5bb9c40571c847
  Moya: 5b45dacb75adb009f97fde91c204c1e565d31916
  Nimble: 3b4ec3fd40f1dc178058e0981107721c615643d8
  OHHTTPStubs: 9cbce6364bec557cc3439aa6bb7514670d780881
  Quick: 6d9559f40647bc4d510103842ef2fdd882d753e2
  RxSwift: 81470a2074fa8780320ea5fe4102807cb7118178
  RxTest: 711632d5644dffbeb62c936a521b5b008a1e1faa

PODFILE CHECKSUM: ca2ac937a21461c6495e4be32f255d112db8ef45

COCOAPODS: 1.9.3
